
Microsoft Visual Studio Solution File, Format Version 12.00
# Visual Studio Version 16
VisualStudioVersion = 16.0.31515.178
MinimumVisualStudioVersion = 10.0.40219.1
Project("{FAE04EC0-301F-11D3-BF4B-00C04F79EFBC}") = "ContosoUniversity", "ContosoUniversity\ContosoUniversity.csproj", "{B0089845-67F0-41F1-8827-B2E82B2BF482}"
EndProject
Global
	GlobalSection(SolutionConfigurationPlatforms) = preSolution
		Debug|Any CPU = Debug|Any CPU
		Release|Any CPU = Release|Any CPU
	EndGlobalSection
	GlobalSection(ProjectConfigurationPlatforms) = postSolution
		{B0089845-67F0-41F1-8827-B2E82B2BF482}.Debug|Any CPU.ActiveCfg = Debug|Any CPU
		{B0089845-67F0-41F1-8827-B2E82B2BF482}.Debug|Any CPU.Build.0 = Debug|Any CPU
		{B0089845-67F0-41F1-8827-B2E82B2BF482}.Release|Any CPU.ActiveCfg = Release|Any CPU
		{B0089845-67F0-41F1-8827-B2E82B2BF482}.Release|Any CPU.Build.0 = Release|Any CPU
	EndGlobalSection
	GlobalSection(SolutionProperties) = preSolution
		HideSolutionNode = FALSE
	EndGlobalSection
	GlobalSection(ExtensibilityGlobals) = postSolution
		SolutionGuid = {D5C98B72-CB12-4A15-9E97-E43CC2DA0E4A}
	EndGlobalSection
EndGlobal
